// !$*UTF8*$!
{
	archiveVersion = 1;
	classes = {
	};
	objectVersion = 48;
	objects = {

/* Begin PBXBuildFile section */
		6829819D1FBAC50C00183CB6 /* AppDelegate.swift in Sources */ = {isa = PBXBuildFile; fileRef = 6829819C1FBAC50C00183CB6 /* AppDelegate.swift */; };
		6829819F1FBAC50C00183CB6 /* ViewController.swift in Sources */ = {isa = PBXBuildFile; fileRef = 6829819E1FBAC50C00183CB6 /* ViewController.swift */; };
		682981A21FBAC50C00183CB6 /* Main.storyboard in Resources */ = {isa = PBXBuildFile; fileRef = 682981A01FBAC50C00183CB6 /* Main.storyboard */; };
		682981A51FBAC50C00183CB6 /* Sound_board.xcdatamodeld in Sources */ = {isa = PBXBuildFile; fileRef = 682981A31FBAC50C00183CB6 /* Sound_board.xcdatamodeld */; };
		682981A71FBAC50C00183CB6 /* Assets.xcassets in Resources */ = {isa = PBXBuildFile; fileRef = 682981A61FBAC50C00183CB6 /* Assets.xcassets */; };
		682981AA1FBAC50C00183CB6 /* LaunchScreen.storyboard in Resources */ = {isa = PBXBuildFile; fileRef = 682981A81FBAC50C00183CB6 /* LaunchScreen.storyboard */; };
/* End PBXBuildFile section */

/* Begin PBXFileReference section */
		682981991FBAC50C00183CB6 /* Sound board.app */ = {isa = PBXFileReference; explicitFileType = wrapper.application; includeInIndex = 0; path = "Sound board.app"; sourceTree = BUILT_PRODUCTS_DIR; };
		6829819C1FBAC50C00183CB6 /* AppDelegate.swift */ = {isa = PBXFileReference; lastKnownFileType = sourcecode.swift; path = AppDelegate.swift; sourceTree = "<group>"; };
		6829819E1FBAC50C00183CB6 /* ViewController.swift */ = {isa = PBXFileReference; lastKnownFileType = sourcecode.swift; path = ViewController.swift; sourceTree = "<group>"; };
		682981A11FBAC50C00183CB6 /* Base */ = {isa = PBXFileReference; lastKnownFileType = file.storyboard; name = Base; path = Base.lproj/Main.storyboard; sourceTree = "<group>"; };
		682981A41FBAC50C00183CB6 /* Sound_board.xcdatamodel */ = {isa = PBXFileReference; lastKnownFileType = wrapper.xcdatamodel; path = Sound_board.xcdatamodel; sourceTree = "<group>"; };
		682981A61FBAC50C00183CB6 /* Assets.xcassets */ = {isa = PBXFileReference; lastKnownFileType = folder.assetcatalog; path = Assets.xcassets; sourceTree = "<group>"; };
		682981A91FBAC50C00183CB6 /* Base */ = {isa = PBXFileReference; lastKnownFileType = file.storyboard; name = Base; path = Base.lproj/LaunchScreen.storyboard; sourceTree = "<group>"; };
		682981AB1FBAC50C00183CB6 /* Info.plist */ = {isa = PBXFileReference; lastKnownFileType = text.plist.xml; path = Info.plist; sourceTree = "<group>"; };
/* End PBXFileReference section */

/* Begin PBXFrameworksBuildPhase section */
		682981961FBAC50C00183CB6 /* Frameworks */ = {
			isa = PBXFrameworksBuildPhase;
			buildActionMask = 2147483647;
			files = (
			);
			runOnlyForDeploymentPostprocessing = 0;
		};
/* End PBXFrameworksBuildPhase section */

/* Begin PBXGroup section */
		682981901FBAC50C00183CB6 = {
			isa = PBXGroup;
			children = (
				6829819B1FBAC50C00183CB6 /* Sound board */,
				6829819A1FBAC50C00183CB6 /* Products */,
			);
			sourceTree = "<group>";
		};
		6829819A1FBAC50C00183CB6 /* Products */ = {
			isa = PBXGroup;
			children = (
				682981991FBAC50C00183CB6 /* Sound board.app */,
			);
			name = Products;
			sourceTree = "<group>";
		};
		6829819B1FBAC50C00183CB6 /* Sound board */ = {
			isa = PBXGroup;
			children = (
				6829819C1FBAC50C00183CB6 /* AppDelegate.swift */,
				6829819E1FBAC50C00183CB6 /* ViewController.swift */,
				682981A01FBAC50C00183CB6 /* Main.storyboard */,
				682981A61FBAC50C00183CB6 /* Assets.xcassets */,
				682981A81FBAC50C00183CB6 /* LaunchScreen.storyboard */,
				682981AB1FBAC50C00183CB6 /* Info.plist */,
				682981A31FBAC50C00183CB6 /* Sound_board.xcdatamodeld */,
			);
			path = "Sound board";
			sourceTree = "<group>";
		};
/* End PBXGroup section */

/* Begin PBXNativeTarget section */
		682981981FBAC50C00183CB6 /* Sound board */ = {
			isa = PBXNativeTarget;
			buildConfigurationList = 682981AE1FBAC50C00183CB6 /* Build configuration list for PBXNativeTarget "Sound board" */;
			buildPhases = (
				682981951FBAC50C00183CB6 /* Sources */,
				682981961FBAC50C00183CB6 /* Frameworks */,
				682981971FBAC50C00183CB6 /* Resources */,
			);
			buildRules = (
			);
			dependencies = (
			);
			name = "Sound board";
			productName = "Sound board";
			productReference = 682981991FBAC50C00183CB6 /* Sound board.app */;
			productType = "com.apple.product-type.application";
		};
/* End PBXNativeTarget section */

/* Begin PBXProject section */
		682981911FBAC50C00183CB6 /* Project object */ = {
			isa = PBXProject;
			attributes = {
				LastSwiftUpdateCheck = 0910;
				LastUpgradeCheck = 0910;
				ORGANIZATIONNAME = "Radoslav Hlinka";
				TargetAttributes = {
					682981981FBAC50C00183CB6 = {
						CreatedOnToolsVersion = 9.1;
						ProvisioningStyle = Automatic;
					};
				};
			};
			buildConfigurationList = 682981941FBAC50C00183CB6 /* Build configuration list for PBXProject "Sound board" */;
			compatibilityVersion = "Xcode 8.0";
			developmentRegion = en;
			hasScannedForEncodings = 0;
			knownRegions = (
				en,
				Base,
			);
			mainGroup = 682981901FBAC50C00183CB6;
			productRefGroup = 6829819A1FBAC50C00183CB6 /* Products */;
			projectDirPath = "";
			projectRoot = "";
			targets = (
				682981981FBAC50C00183CB6 /* Sound board */,
			);
		};
/* End PBXProject section */

/* Begin PBXResourcesBuildPhase section */
		682981971FBAC50C00183CB6 /* Resources */ = {
			isa = PBXResourcesBuildPhase;
			buildActionMask = 2147483647;
			files = (
				682981AA1FBAC50C00183CB6 /* LaunchScreen.storyboard in Resources */,
				682981A71FBAC50C00183CB6 /* Assets.xcassets in Resources */,
				682981A21FBAC50C00183CB6 /* Main.storyboard in Resources */,
			);
			runOnlyForDeploymentPostprocessing = 0;
		};
/* End PBXResourcesBuildPhase section */

/* Begin PBXSourcesBuildPhase section */
		682981951FBAC50C00183CB6 /* Sources */ = {
			isa = PBXSourcesBuildPhase;
			buildActionMask = 2147483647;
			files = (
				6829819F1FBAC50C00183CB6 /* ViewController.swift in Sources */,
				682981A51FBAC50C00183CB6 /* Sound_board.xcdatamodeld in Sources */,
				6829819D1FBAC50C00183CB6 /* AppDelegate.swift in Sources */,
			);
			runOnlyForDeploymentPostprocessing = 0;
		};
/* End PBXSourcesBuildPhase section */

/* Begin PBXVariantGroup section */
		682981A01FBAC50C00183CB6 /* Main.storyboard */ = {
			isa = PBXVariantGroup;
			children = (
				682981A11FBAC50C00183CB6 /* Base */,
			);
			name = Main.storyboard;
			sourceTree = "<group>";
		};
		682981A81FBAC50C00183CB6 /* LaunchScreen.storyboard */ = {
			isa = PBXVariantGroup;
			children = (
				682981A91FBAC50C00183CB6 /* Base */,
			);
			name = LaunchScreen.storyboard;
			sourceTree = "<group>";
		};
/* End PBXVariantGroup section */

/* Begin XCBuildConfiguration section */
		682981AC1FBAC50C00183CB6 /* Debug */ = {
			isa = XCBuildConfiguration;
			buildSettings = {
				ALWAYS_SEARCH_USER_PATHS = NO;
				CLANG_ANALYZER_NONNULL = YES;
				CLANG_ANALYZER_NUMBER_OBJECT_CONVERSION = YES_AGGRESSIVE;
				CLANG_CXX_LANGUAGE_STANDARD = "gnu++14";
				CLANG_CXX_LIBRARY = "libc++";
				CLANG_ENABLE_MODULES = YES;
				CLANG_ENABLE_OBJC_ARC = YES;
				CLANG_WARN_BLOCK_CAPTURE_AUTORELEASING = YES;
				CLANG_WARN_BOOL_CONVERSION = YES;
				CLANG_WARN_COMMA = YES;
				CLANG_WARN_CONSTANT_CONVERSION = YES;
				CLANG_WARN_DIRECT_OBJC_ISA_USAGE = YES_ERROR;
				CLANG_WARN_DOCUMENTATION_COMMENTS = YES;
				CLANG_WARN_EMPTY_BODY = YES;
				CLANG_WARN_ENUM_CONVERSION = YES;
				CLANG_WARN_INFINITE_RECURSION = YES;
				CLANG_WARN_INT_CONVERSION = YES;
				CLANG_WARN_NON_LITERAL_NULL_CONVERSION = YES;
				CLANG_WARN_OBJC_LITERAL_CONVERSION = YES;
				CLANG_WARN_OBJC_ROOT_CLASS = YES_ERROR;
				CLANG_WARN_RANGE_LOOP_ANALYSIS = YES;
				CLANG_WARN_STRICT_PROTOTYPES = YES;
				CLANG_WARN_SUSPICIOUS_MOVE = YES;
				CLANG_WARN_UNGUARDED_AVAILABILITY = YES_AGGRESSIVE;
				CLANG_WARN_UNREACHABLE_CODE = YES;
				CLANG_WARN__DUPLICATE_METHOD_MATCH = YES;
				CODE_SIGN_IDENTITY = "iPhone Developer";
				COPY_PHASE_STRIP = NO;
				DEBUG_INFORMATION_FORMAT = dwarf;
				ENABLE_STRICT_OBJC_MSGSEND = YES;
				ENABLE_TESTABILITY = YES;
				GCC_C_LANGUAGE_STANDARD = gnu11;
				GCC_DYNAMIC_NO_PIC = NO;
				GCC_NO_COMMON_BLOCKS = YES;
				GCC_OPTIMIZATION_LEVEL = 0;
				GCC_PREPROCESSOR_DEFINITIONS = (
					"DEBUG=1",
					"$(inherited)",
				);
				GCC_WARN_64_TO_32_BIT_CONVERSION = YES;
				GCC_WARN_ABOUT_RETURN_TYPE = YES_ERROR;
				GCC_WARN_UNDECLARED_SELECTOR = YES;
				GCC_WARN_UNINITIALIZED_AUTOS = YES_AGGRESSIVE;
				GCC_WARN_UNUSED_FUNCTION = YES;
				GCC_WARN_UNUSED_VARIABLE = YES;
				IPHONEOS_DEPLOYMENT_TARGET = 11.1;
				MTL_ENABLE_DEBUG_INFO = YES;
				ONLY_ACTIVE_ARCH = YES;
				SDKROOT = iphoneos;
				SWIFT_ACTIVE_COMPILATION_CONDITIONS = DEBUG;
				SWIFT_OPTIMIZATION_LEVEL = "-Onone";
			};
			name = Debug;
		};
		682981AD1FBAC50C00183CB6 /* Release */ = {
			isa = XCBuildConfiguration;
			buildSettings = {
				ALWAYS_SEARCH_USER_PATHS = NO;
				CLANG_ANALYZER_NONNULL = YES;
				CLANG_ANALYZER_NUMBER_OBJECT_CONVERSION = YES_AGGRESSIVE;
				CLANG_CXX_LANGUAGE_STANDARD = "gnu++14";
				CLANG_CXX_LIBRARY = "libc++";
				CLANG_ENABLE_MODULES = YES;
				CLANG_ENABLE_OBJC_ARC = YES;
				CLANG_WARN_BLOCK_CAPTURE_AUTORELEASING = YES;
				CLANG_WARN_BOOL_CONVERSION = YES;
				CLANG_WARN_COMMA = YES;
				CLANG_WARN_CONSTANT_CONVERSION = YES;
				CLANG_WARN_DIRECT_OBJC_ISA_USAGE = YES_ERROR;
				CLANG_WARN_DOCUMENTATION_COMMENTS = YES;
				CLANG_WARN_EMPTY_BODY = YES;
				CLANG_WARN_ENUM_CONVERSION = YES;
				CLANG_WARN_INFINITE_RECURSION = YES;
				CLANG_WARN_INT_CONVERSION = YES;
				CLANG_WARN_NON_LITERAL_NULL_CONVERSION = YES;
				CLANG_WARN_OBJC_LITERAL_CONVERSION = YES;
				CLANG_WARN_OBJC_ROOT_CLASS = YES_ERROR;
				CLANG_WARN_RANGE_LOOP_ANALYSIS = YES;
				CLANG_WARN_STRICT_PROTOTYPES = YES;
				CLANG_WARN_SUSPICIOUS_MOVE = YES;
				CLANG_WARN_UNGUARDED_AVAILABILITY = YES_AGGRESSIVE;
				CLANG_WARN_UNREACHABLE_CODE = YES;
				CLANG_WARN__DUPLICATE_METHOD_MATCH = YES;
				CODE_SIGN_IDENTITY = "iPhone Developer";
				COPY_PHASE_STRIP = NO;
				DEBUG_INFORMATION_FORMAT = "dwarf-with-dsym";
				ENABLE_NS_ASSERTIONS = NO;
				ENABLE_STRICT_OBJC_MSGSEND = YES;
				GCC_C_LANGUAGE_STANDARD = gnu11;
				GCC_NO_COMMON_BLOCKS = YES;
				GCC_WARN_64_TO_32_BIT_CONVERSION = YES;
				GCC_WARN_ABOUT_RETURN_TYPE = YES_ERROR;
				GCC_WARN_UNDECLARED_SELECTOR = YES;
				GCC_WARN_UNINITIALIZED_AUTOS = YES_AGGRESSIVE;
				GCC_WARN_UNUSED_FUNCTION = YES;
				GCC_WARN_UNUSED_VARIABLE = YES;
				IPHONEOS_DEPLOYMENT_TARGET = 11.1;
				MTL_ENABLE_DEBUG_INFO = NO;
				SDKROOT = iphoneos;
				SWIFT_OPTIMIZATION_LEVEL = "-Owholemodule";
				VALIDATE_PRODUCT = YES;
			};
			name = Release;
		};
		682981AF1FBAC50C00183CB6 /* Debug */ = {
			isa = XCBuildConfiguration;
			buildSettings = {
				ASSETCATALOG_COMPILER_APPICON_NAME = AppIcon;
				CODE_SIGN_STYLE = Automatic;
				DEVELOPMENT_TEAM = 5LH3ZH362W;
				INFOPLIST_FILE = "Sound board/Info.plist";
				IPHONEOS_DEPLOYMENT_TARGET = 10;
				LD_RUNPATH_SEARCH_PATHS = "$(inherited) @executable_path/Frameworks";
				PRODUCT_BUNDLE_IDENTIFIER = "com.radoslav.Sound-board";
				PRODUCT_NAME = "$(TARGET_NAME)";
				SWIFT_VERSION = 4.0;
				TARGETED_DEVICE_FAMILY = "1,2";
			};
			name = Debug;
		};
		682981B01FBAC50C00183CB6 /* Release */ = {
			isa = XCBuildConfiguration;
			buildSettings = {
				ASSETCATALOG_COMPILER_APPICON_NAME = AppIcon;
				CODE_SIGN_STYLE = Automatic;
				DEVELOPMENT_TEAM = 5LH3ZH362W;
				INFOPLIST_FILE = "Sound board/Info.plist";
				IPHONEOS_DEPLOYMENT_TARGET = 10;
				LD_RUNPATH_SEARCH_PATHS = "$(inherited) @executable_path/Frameworks";
				PRODUCT_BUNDLE_IDENTIFIER = "com.radoslav.Sound-board";
				PRODUCT_NAME = "$(TARGET_NAME)";
				SWIFT_VERSION = 4.0;
				TARGETED_DEVICE_FAMILY = "1,2";
			};
			name = Release;
		};
/* End XCBuildConfiguration section */

/* Begin XCConfigurationList section */
		682981941FBAC50C00183CB6 /* Build configuration list for PBXProject "Sound board" */ = {
			isa = XCConfigurationList;
			buildConfigurations = (
				682981AC1FBAC50C00183CB6 /* Debug */,
				682981AD1FBAC50C00183CB6 /* Release */,
			);
			defaultConfigurationIsVisible = 0;
			defaultConfigurationName = Release;
		};
		682981AE1FBAC50C00183CB6 /* Build configuration list for PBXNativeTarget "Sound board" */ = {
			isa = XCConfigurationList;
			buildConfigurations = (
				682981AF1FBAC50C00183CB6 /* Debug */,
				682981B01FBAC50C00183CB6 /* Release */,
			);
			defaultConfigurationIsVisible = 0;
			defaultConfigurationName = Release;
		};
/* End XCConfigurationList section */

/* Begin XCVersionGroup section */
		682981A31FBAC50C00183CB6 /* Sound_board.xcdatamodeld */ = {
			isa = XCVersionGroup;
			children = (
				682981A41FBAC50C00183CB6 /* Sound_board.xcdatamodel */,
			);
			currentVersion = 682981A41FBAC50C00183CB6 /* Sound_board.xcdatamodel */;
			path = Sound_board.xcdatamodeld;
			sourceTree = "<group>";
			versionGroupType = wrapper.xcdatamodel;
		};
/* End XCVersionGroup section */
	};
	rootObject = 682981911FBAC50C00183CB6 /* Project object */;
}
